// !$*UTF8*$!
{
	archiveVersion = 1;
	classes = {
	};
	objectVersion = 50;
	objects = {

/* Begin PBXBuildFile section */
		623FF7BD26625733000A0829 /* AppDelegate.swift in Sources */ = {isa = PBXBuildFile; fileRef = 623FF7BC26625733000A0829 /* AppDelegate.swift */; };
		623FF7BF26625733000A0829 /* SceneDelegate.swift in Sources */ = {isa = PBXBuildFile; fileRef = 623FF7BE26625733000A0829 /* SceneDelegate.swift */; };
		623FF7C126625733000A0829 /* CalculatorViewController.swift in Sources */ = {isa = PBXBuildFile; fileRef = 623FF7C026625733000A0829 /* CalculatorViewController.swift */; };
		623FF7C426625733000A0829 /* Calculator.storyboard in Resources */ = {isa = PBXBuildFile; fileRef = 623FF7C226625733000A0829 /* Calculator.storyboard */; };
		623FF7C626625733000A0829 /* Assets.xcassets in Resources */ = {isa = PBXBuildFile; fileRef = 623FF7C526625733000A0829 /* Assets.xcassets */; };
		623FF7C926625734000A0829 /* LaunchScreen.storyboard in Resources */ = {isa = PBXBuildFile; fileRef = 623FF7C726625734000A0829 /* LaunchScreen.storyboard */; };
		623FF7D426625734000A0829 /* QEX_Test_TaskTests.swift in Sources */ = {isa = PBXBuildFile; fileRef = 623FF7D326625734000A0829 /* QEX_Test_TaskTests.swift */; };
		623FF7DF26625734000A0829 /* QEX_Test_TaskUITests.swift in Sources */ = {isa = PBXBuildFile; fileRef = 623FF7DE26625734000A0829 /* QEX_Test_TaskUITests.swift */; };
		62D7B9C02664DD06007FC3CB /* .gitignore in Resources */ = {isa = PBXBuildFile; fileRef = 62D7B9BF2664DD06007FC3CB /* .gitignore */; };
/* End PBXBuildFile section */

/* Begin PBXContainerItemProxy section */
		623FF7D026625734000A0829 /* PBXContainerItemProxy */ = {
			isa = PBXContainerItemProxy;
			containerPortal = 623FF7B126625733000A0829 /* Project object */;
			proxyType = 1;
			remoteGlobalIDString = 623FF7B826625733000A0829;
			remoteInfo = QEX_Test_Task;
		};
		623FF7DB26625734000A0829 /* PBXContainerItemProxy */ = {
			isa = PBXContainerItemProxy;
			containerPortal = 623FF7B126625733000A0829 /* Project object */;
			proxyType = 1;
			remoteGlobalIDString = 623FF7B826625733000A0829;
			remoteInfo = QEX_Test_Task;
		};
/* End PBXContainerItemProxy section */

/* Begin PBXFileReference section */
		623FF7B926625733000A0829 /* QEX_Test_Task.app */ = {isa = PBXFileReference; explicitFileType = wrapper.application; includeInIndex = 0; path = QEX_Test_Task.app; sourceTree = BUILT_PRODUCTS_DIR; };
		623FF7BC26625733000A0829 /* AppDelegate.swift */ = {isa = PBXFileReference; lastKnownFileType = sourcecode.swift; path = AppDelegate.swift; sourceTree = "<group>"; };
		623FF7BE26625733000A0829 /* SceneDelegate.swift */ = {isa = PBXFileReference; lastKnownFileType = sourcecode.swift; path = SceneDelegate.swift; sourceTree = "<group>"; };
		623FF7C026625733000A0829 /* CalculatorViewController.swift */ = {isa = PBXFileReference; lastKnownFileType = sourcecode.swift; path = CalculatorViewController.swift; sourceTree = "<group>"; };
		623FF7C326625733000A0829 /* Base */ = {isa = PBXFileReference; lastKnownFileType = file.storyboard; name = Base; path = Base.lproj/Calculator.storyboard; sourceTree = "<group>"; };
		623FF7C526625733000A0829 /* Assets.xcassets */ = {isa = PBXFileReference; lastKnownFileType = folder.assetcatalog; path = Assets.xcassets; sourceTree = "<group>"; };
		623FF7C826625734000A0829 /* Base */ = {isa = PBXFileReference; lastKnownFileType = file.storyboard; name = Base; path = Base.lproj/LaunchScreen.storyboard; sourceTree = "<group>"; };
		623FF7CA26625734000A0829 /* Info.plist */ = {isa = PBXFileReference; lastKnownFileType = text.plist.xml; path = Info.plist; sourceTree = "<group>"; };
		623FF7CF26625734000A0829 /* QEX_Test_TaskTests.xctest */ = {isa = PBXFileReference; explicitFileType = wrapper.cfbundle; includeInIndex = 0; path = QEX_Test_TaskTests.xctest; sourceTree = BUILT_PRODUCTS_DIR; };
		623FF7D326625734000A0829 /* QEX_Test_TaskTests.swift */ = {isa = PBXFileReference; lastKnownFileType = sourcecode.swift; path = QEX_Test_TaskTests.swift; sourceTree = "<group>"; };
		623FF7D526625734000A0829 /* Info.plist */ = {isa = PBXFileReference; lastKnownFileType = text.plist.xml; path = Info.plist; sourceTree = "<group>"; };
		623FF7DA26625734000A0829 /* QEX_Test_TaskUITests.xctest */ = {isa = PBXFileReference; explicitFileType = wrapper.cfbundle; includeInIndex = 0; path = QEX_Test_TaskUITests.xctest; sourceTree = BUILT_PRODUCTS_DIR; };
		623FF7DE26625734000A0829 /* QEX_Test_TaskUITests.swift */ = {isa = PBXFileReference; lastKnownFileType = sourcecode.swift; path = QEX_Test_TaskUITests.swift; sourceTree = "<group>"; };
		623FF7E026625734000A0829 /* Info.plist */ = {isa = PBXFileReference; lastKnownFileType = text.plist.xml; path = Info.plist; sourceTree = "<group>"; };
		62D7B9BF2664DD06007FC3CB /* .gitignore */ = {isa = PBXFileReference; lastKnownFileType = text; path = .gitignore; sourceTree = "<group>"; };
/* End PBXFileReference section */

/* Begin PBXFrameworksBuildPhase section */
		623FF7B626625733000A0829 /* Frameworks */ = {
			isa = PBXFrameworksBuildPhase;
			buildActionMask = 2147483647;
			files = (
			);
			runOnlyForDeploymentPostprocessing = 0;
		};
		623FF7CC26625734000A0829 /* Frameworks */ = {
			isa = PBXFrameworksBuildPhase;
			buildActionMask = 2147483647;
			files = (
			);
			runOnlyForDeploymentPostprocessing = 0;
		};
		623FF7D726625734000A0829 /* Frameworks */ = {
			isa = PBXFrameworksBuildPhase;
			buildActionMask = 2147483647;
			files = (
			);
			runOnlyForDeploymentPostprocessing = 0;
		};
/* End PBXFrameworksBuildPhase section */

/* Begin PBXGroup section */
		623FF7B026625733000A0829 = {
			isa = PBXGroup;
			children = (
				62D7B9BF2664DD06007FC3CB /* .gitignore */,
				623FF7BB26625733000A0829 /* QEX_Test_Task */,
				623FF7D226625734000A0829 /* QEX_Test_TaskTests */,
				623FF7DD26625734000A0829 /* QEX_Test_TaskUITests */,
				623FF7BA26625733000A0829 /* Products */,
			);
			sourceTree = "<group>";
		};
		623FF7BA26625733000A0829 /* Products */ = {
			isa = PBXGroup;
			children = (
				623FF7B926625733000A0829 /* QEX_Test_Task.app */,
				623FF7CF26625734000A0829 /* QEX_Test_TaskTests.xctest */,
				623FF7DA26625734000A0829 /* QEX_Test_TaskUITests.xctest */,
			);
			name = Products;
			sourceTree = "<group>";
		};
		623FF7BB26625733000A0829 /* QEX_Test_Task */ = {
			isa = PBXGroup;
			children = (
				623FF7F3266276CC000A0829 /* Resource */,
				623FF7EF26627688000A0829 /* Application */,
				623FF7C026625733000A0829 /* CalculatorViewController.swift */,
				623FF7C226625733000A0829 /* Calculator.storyboard */,
				623FF7C726625734000A0829 /* LaunchScreen.storyboard */,
				623FF7CA26625734000A0829 /* Info.plist */,
			);
			path = QEX_Test_Task;
			sourceTree = "<group>";
		};
		623FF7D226625734000A0829 /* QEX_Test_TaskTests */ = {
			isa = PBXGroup;
			children = (
				623FF7D326625734000A0829 /* QEX_Test_TaskTests.swift */,
				623FF7D526625734000A0829 /* Info.plist */,
			);
			path = QEX_Test_TaskTests;
			sourceTree = "<group>";
		};
		623FF7DD26625734000A0829 /* QEX_Test_TaskUITests */ = {
			isa = PBXGroup;
			children = (
				623FF7DE26625734000A0829 /* QEX_Test_TaskUITests.swift */,
				623FF7E026625734000A0829 /* Info.plist */,
			);
			path = QEX_Test_TaskUITests;
			sourceTree = "<group>";
		};
		623FF7EF26627688000A0829 /* Application */ = {
			isa = PBXGroup;
			children = (
				623FF7BC26625733000A0829 /* AppDelegate.swift */,
				623FF7BE26625733000A0829 /* SceneDelegate.swift */,
			);
			path = Application;
			sourceTree = "<group>";
		};
		623FF7F3266276CC000A0829 /* Resource */ = {
			isa = PBXGroup;
			children = (
				623FF7C526625733000A0829 /* Assets.xcassets */,
			);
			path = Resource;
			sourceTree = "<group>";
		};
/* End PBXGroup section */

/* Begin PBXNativeTarget section */
		623FF7B826625733000A0829 /* QEX_Test_Task */ = {
			isa = PBXNativeTarget;
			buildConfigurationList = 623FF7E326625734000A0829 /* Build configuration list for PBXNativeTarget "QEX_Test_Task" */;
			buildPhases = (
				623FF7B526625733000A0829 /* Sources */,
				623FF7B626625733000A0829 /* Frameworks */,
				623FF7B726625733000A0829 /* Resources */,
			);
			buildRules = (
			);
			dependencies = (
			);
			name = QEX_Test_Task;
			productName = QEX_Test_Task;
			productReference = 623FF7B926625733000A0829 /* QEX_Test_Task.app */;
			productType = "com.apple.product-type.application";
		};
		623FF7CE26625734000A0829 /* QEX_Test_TaskTests */ = {
			isa = PBXNativeTarget;
			buildConfigurationList = 623FF7E626625734000A0829 /* Build configuration list for PBXNativeTarget "QEX_Test_TaskTests" */;
			buildPhases = (
				623FF7CB26625734000A0829 /* Sources */,
				623FF7CC26625734000A0829 /* Frameworks */,
				623FF7CD26625734000A0829 /* Resources */,
			);
			buildRules = (
			);
			dependencies = (
				623FF7D126625734000A0829 /* PBXTargetDependency */,
			);
			name = QEX_Test_TaskTests;
			productName = QEX_Test_TaskTests;
			productReference = 623FF7CF26625734000A0829 /* QEX_Test_TaskTests.xctest */;
			productType = "com.apple.product-type.bundle.unit-test";
		};
		623FF7D926625734000A0829 /* QEX_Test_TaskUITests */ = {
			isa = PBXNativeTarget;
			buildConfigurationList = 623FF7E926625734000A0829 /* Build configuration list for PBXNativeTarget "QEX_Test_TaskUITests" */;
			buildPhases = (
				623FF7D626625734000A0829 /* Sources */,
				623FF7D726625734000A0829 /* Frameworks */,
				623FF7D826625734000A0829 /* Resources */,
			);
			buildRules = (
			);
			dependencies = (
				623FF7DC26625734000A0829 /* PBXTargetDependency */,
			);
			name = QEX_Test_TaskUITests;
			productName = QEX_Test_TaskUITests;
			productReference = 623FF7DA26625734000A0829 /* QEX_Test_TaskUITests.xctest */;
			productType = "com.apple.product-type.bundle.ui-testing";
		};
/* End PBXNativeTarget section */

/* Begin PBXProject section */
		623FF7B126625733000A0829 /* Project object */ = {
			isa = PBXProject;
			attributes = {
				LastSwiftUpdateCheck = 1240;
				LastUpgradeCheck = 1240;
				TargetAttributes = {
					623FF7B826625733000A0829 = {
						CreatedOnToolsVersion = 12.4;
					};
					623FF7CE26625734000A0829 = {
						CreatedOnToolsVersion = 12.4;
						TestTargetID = 623FF7B826625733000A0829;
					};
					623FF7D926625734000A0829 = {
						CreatedOnToolsVersion = 12.4;
						TestTargetID = 623FF7B826625733000A0829;
					};
				};
			};
			buildConfigurationList = 623FF7B426625733000A0829 /* Build configuration list for PBXProject "QEX_Test_Task" */;
			compatibilityVersion = "Xcode 9.3";
			developmentRegion = en;
			hasScannedForEncodings = 0;
			knownRegions = (
				en,
				Base,
			);
			mainGroup = 623FF7B026625733000A0829;
			productRefGroup = 623FF7BA26625733000A0829 /* Products */;
			projectDirPath = "";
			projectRoot = "";
			targets = (
				623FF7B826625733000A0829 /* QEX_Test_Task */,
				623FF7CE26625734000A0829 /* QEX_Test_TaskTests */,
				623FF7D926625734000A0829 /* QEX_Test_TaskUITests */,
			);
		};
/* End PBXProject section */

/* Begin PBXResourcesBuildPhase section */
		623FF7B726625733000A0829 /* Resources */ = {
			isa = PBXResourcesBuildPhase;
			buildActionMask = 2147483647;
			files = (
				62D7B9C02664DD06007FC3CB /* .gitignore in Resources */,
				623FF7C926625734000A0829 /* LaunchScreen.storyboard in Resources */,
				623FF7C626625733000A0829 /* Assets.xcassets in Resources */,
				623FF7C426625733000A0829 /* Calculator.storyboard in Resources */,
			);
			runOnlyForDeploymentPostprocessing = 0;
		};
		623FF7CD26625734000A0829 /* Resources */ = {
			isa = PBXResourcesBuildPhase;
			buildActionMask = 2147483647;
			files = (
			);
			runOnlyForDeploymentPostprocessing = 0;
		};
		623FF7D826625734000A0829 /* Resources */ = {
			isa = PBXResourcesBuildPhase;
			buildActionMask = 2147483647;
			files = (
			);
			runOnlyForDeploymentPostprocessing = 0;
		};
/* End PBXResourcesBuildPhase section */

/* Begin PBXSourcesBuildPhase section */
		623FF7B526625733000A0829 /* Sources */ = {
			isa = PBXSourcesBuildPhase;
			buildActionMask = 2147483647;
			files = (
				623FF7C126625733000A0829 /* CalculatorViewController.swift in Sources */,
				623FF7BD26625733000A0829 /* AppDelegate.swift in Sources */,
				623FF7BF26625733000A0829 /* SceneDelegate.swift in Sources */,
			);
			runOnlyForDeploymentPostprocessing = 0;
		};
		623FF7CB26625734000A0829 /* Sources */ = {
			isa = PBXSourcesBuildPhase;
			buildActionMask = 2147483647;
			files = (
				623FF7D426625734000A0829 /* QEX_Test_TaskTests.swift in Sources */,
			);
			runOnlyForDeploymentPostprocessing = 0;
		};
		623FF7D626625734000A0829 /* Sources */ = {
			isa = PBXSourcesBuildPhase;
			buildActionMask = 2147483647;
			files = (
				623FF7DF26625734000A0829 /* QEX_Test_TaskUITests.swift in Sources */,
			);
			runOnlyForDeploymentPostprocessing = 0;
		};
/* End PBXSourcesBuildPhase section */

/* Begin PBXTargetDependency section */
		623FF7D126625734000A0829 /* PBXTargetDependency */ = {
			isa = PBXTargetDependency;
			target = 623FF7B826625733000A0829 /* QEX_Test_Task */;
			targetProxy = 623FF7D026625734000A0829 /* PBXContainerItemProxy */;
		};
		623FF7DC26625734000A0829 /* PBXTargetDependency */ = {
			isa = PBXTargetDependency;
			target = 623FF7B826625733000A0829 /* QEX_Test_Task */;
			targetProxy = 623FF7DB26625734000A0829 /* PBXContainerItemProxy */;
		};
/* End PBXTargetDependency section */

/* Begin PBXVariantGroup section */
		623FF7C226625733000A0829 /* Calculator.storyboard */ = {
			isa = PBXVariantGroup;
			children = (
				623FF7C326625733000A0829 /* Base */,
			);
			name = Calculator.storyboard;
			sourceTree = "<group>";
		};
		623FF7C726625734000A0829 /* LaunchScreen.storyboard */ = {
			isa = PBXVariantGroup;
			children = (
				623FF7C826625734000A0829 /* Base */,
			);
			name = LaunchScreen.storyboard;
			sourceTree = "<group>";
		};
/* End PBXVariantGroup section */

/* Begin XCBuildConfiguration section */
		623FF7E126625734000A0829 /* Debug */ = {
			isa = XCBuildConfiguration;
			buildSettings = {
				ALWAYS_SEARCH_USER_PATHS = NO;
				CLANG_ANALYZER_NONNULL = YES;
				CLANG_ANALYZER_NUMBER_OBJECT_CONVERSION = YES_AGGRESSIVE;
				CLANG_CXX_LANGUAGE_STANDARD = "gnu++14";
				CLANG_CXX_LIBRARY = "libc++";
				CLANG_ENABLE_MODULES = YES;
				CLANG_ENABLE_OBJC_ARC = YES;
				CLANG_ENABLE_OBJC_WEAK = YES;
				CLANG_WARN_BLOCK_CAPTURE_AUTORELEASING = YES;
				CLANG_WARN_BOOL_CONVERSION = YES;
				CLANG_WARN_COMMA = YES;
				CLANG_WARN_CONSTANT_CONVERSION = YES;
				CLANG_WARN_DEPRECATED_OBJC_IMPLEMENTATIONS = YES;
				CLANG_WARN_DIRECT_OBJC_ISA_USAGE = YES_ERROR;
				CLANG_WARN_DOCUMENTATION_COMMENTS = YES;
				CLANG_WARN_EMPTY_BODY = YES;
				CLANG_WARN_ENUM_CONVERSION = YES;
				CLANG_WARN_INFINITE_RECURSION = YES;
				CLANG_WARN_INT_CONVERSION = YES;
				CLANG_WARN_NON_LITERAL_NULL_CONVERSION = YES;
				CLANG_WARN_OBJC_IMPLICIT_RETAIN_SELF = YES;
				CLANG_WARN_OBJC_LITERAL_CONVERSION = YES;
				CLANG_WARN_OBJC_ROOT_CLASS = YES_ERROR;
				CLANG_WARN_QUOTED_INCLUDE_IN_FRAMEWORK_HEADER = YES;
				CLANG_WARN_RANGE_LOOP_ANALYSIS = YES;
				CLANG_WARN_STRICT_PROTOTYPES = YES;
				CLANG_WARN_SUSPICIOUS_MOVE = YES;
				CLANG_WARN_UNGUARDED_AVAILABILITY = YES_AGGRESSIVE;
				CLANG_WARN_UNREACHABLE_CODE = YES;
				CLANG_WARN__DUPLICATE_METHOD_MATCH = YES;
				COPY_PHASE_STRIP = NO;
				DEBUG_INFORMATION_FORMAT = dwarf;
				ENABLE_STRICT_OBJC_MSGSEND = YES;
				ENABLE_TESTABILITY = YES;
				GCC_C_LANGUAGE_STANDARD = gnu11;
				GCC_DYNAMIC_NO_PIC = NO;
				GCC_NO_COMMON_BLOCKS = YES;
				GCC_OPTIMIZATION_LEVEL = 0;
				GCC_PREPROCESSOR_DEFINITIONS = (
					"DEBUG=1",
					"$(inherited)",
				);
				GCC_WARN_64_TO_32_BIT_CONVERSION = YES;
				GCC_WARN_ABOUT_RETURN_TYPE = YES_ERROR;
				GCC_WARN_UNDECLARED_SELECTOR = YES;
				GCC_WARN_UNINITIALIZED_AUTOS = YES_AGGRESSIVE;
				GCC_WARN_UNUSED_FUNCTION = YES;
				GCC_WARN_UNUSED_VARIABLE = YES;
				IPHONEOS_DEPLOYMENT_TARGET = 14.4;
				MTL_ENABLE_DEBUG_INFO = INCLUDE_SOURCE;
				MTL_FAST_MATH = YES;
				ONLY_ACTIVE_ARCH = YES;
				SDKROOT = iphoneos;
				SWIFT_ACTIVE_COMPILATION_CONDITIONS = DEBUG;
				SWIFT_OPTIMIZATION_LEVEL = "-Onone";
			};
			name = Debug;
		};
		623FF7E226625734000A0829 /* Release */ = {
			isa = XCBuildConfiguration;
			buildSettings = {
				ALWAYS_SEARCH_USER_PATHS = NO;
				CLANG_ANALYZER_NONNULL = YES;
				CLANG_ANALYZER_NUMBER_OBJECT_CONVERSION = YES_AGGRESSIVE;
				CLANG_CXX_LANGUAGE_STANDARD = "gnu++14";
				CLANG_CXX_LIBRARY = "libc++";
				CLANG_ENABLE_MODULES = YES;
				CLANG_ENABLE_OBJC_ARC = YES;
				CLANG_ENABLE_OBJC_WEAK = YES;
				CLANG_WARN_BLOCK_CAPTURE_AUTORELEASING = YES;
				CLANG_WARN_BOOL_CONVERSION = YES;
				CLANG_WARN_COMMA = YES;
				CLANG_WARN_CONSTANT_CONVERSION = YES;
				CLANG_WARN_DEPRECATED_OBJC_IMPLEMENTATIONS = YES;
				CLANG_WARN_DIRECT_OBJC_ISA_USAGE = YES_ERROR;
				CLANG_WARN_DOCUMENTATION_COMMENTS = YES;
				CLANG_WARN_EMPTY_BODY = YES;
				CLANG_WARN_ENUM_CONVERSION = YES;
				CLANG_WARN_INFINITE_RECURSION = YES;
				CLANG_WARN_INT_CONVERSION = YES;
				CLANG_WARN_NON_LITERAL_NULL_CONVERSION = YES;
				CLANG_WARN_OBJC_IMPLICIT_RETAIN_SELF = YES;
				CLANG_WARN_OBJC_LITERAL_CONVERSION = YES;
				CLANG_WARN_OBJC_ROOT_CLASS = YES_ERROR;
				CLANG_WARN_QUOTED_INCLUDE_IN_FRAMEWORK_HEADER = YES;
				CLANG_WARN_RANGE_LOOP_ANALYSIS = YES;
				CLANG_WARN_STRICT_PROTOTYPES = YES;
				CLANG_WARN_SUSPICIOUS_MOVE = YES;
				CLANG_WARN_UNGUARDED_AVAILABILITY = YES_AGGRESSIVE;
				CLANG_WARN_UNREACHABLE_CODE = YES;
				CLANG_WARN__DUPLICATE_METHOD_MATCH = YES;
				COPY_PHASE_STRIP = NO;
				DEBUG_INFORMATION_FORMAT = "dwarf-with-dsym";
				ENABLE_NS_ASSERTIONS = NO;
				ENABLE_STRICT_OBJC_MSGSEND = YES;
				GCC_C_LANGUAGE_STANDARD = gnu11;
				GCC_NO_COMMON_BLOCKS = YES;
				GCC_WARN_64_TO_32_BIT_CONVERSION = YES;
				GCC_WARN_ABOUT_RETURN_TYPE = YES_ERROR;
				GCC_WARN_UNDECLARED_SELECTOR = YES;
				GCC_WARN_UNINITIALIZED_AUTOS = YES_AGGRESSIVE;
				GCC_WARN_UNUSED_FUNCTION = YES;
				GCC_WARN_UNUSED_VARIABLE = YES;
				IPHONEOS_DEPLOYMENT_TARGET = 14.4;
				MTL_ENABLE_DEBUG_INFO = NO;
				MTL_FAST_MATH = YES;
				SDKROOT = iphoneos;
				SWIFT_COMPILATION_MODE = wholemodule;
				SWIFT_OPTIMIZATION_LEVEL = "-O";
				VALIDATE_PRODUCT = YES;
			};
			name = Release;
		};
		623FF7E426625734000A0829 /* Debug */ = {
			isa = XCBuildConfiguration;
			buildSettings = {
				ASSETCATALOG_COMPILER_APPICON_NAME = AppIcon;
				ASSETCATALOG_COMPILER_GLOBAL_ACCENT_COLOR_NAME = AccentColor;
				CODE_SIGN_STYLE = Automatic;
				DEVELOPMENT_TEAM = PQ2A8V8T56;
				INFOPLIST_FILE = QEX_Test_Task/Info.plist;
				LD_RUNPATH_SEARCH_PATHS = (
					"$(inherited)",
					"@executable_path/Frameworks",
				);
				PRODUCT_BUNDLE_IDENTIFIER = "com.grekov.QEX-Test-Task";
				PRODUCT_NAME = "$(TARGET_NAME)";
				SWIFT_VERSION = 5.0;
				TARGETED_DEVICE_FAMILY = "1,2";
			};
			name = Debug;
		};
		623FF7E526625734000A0829 /* Release */ = {
			isa = XCBuildConfiguration;
			buildSettings = {
				ASSETCATALOG_COMPILER_APPICON_NAME = AppIcon;
				ASSETCATALOG_COMPILER_GLOBAL_ACCENT_COLOR_NAME = AccentColor;
				CODE_SIGN_STYLE = Automatic;
				DEVELOPMENT_TEAM = PQ2A8V8T56;
				INFOPLIST_FILE = QEX_Test_Task/Info.plist;
				LD_RUNPATH_SEARCH_PATHS = (
					"$(inherited)",
					"@executable_path/Frameworks",
				);
				PRODUCT_BUNDLE_IDENTIFIER = "com.grekov.QEX-Test-Task";
				PRODUCT_NAME = "$(TARGET_NAME)";
				SWIFT_VERSION = 5.0;
				TARGETED_DEVICE_FAMILY = "1,2";
			};
			name = Release;
		};
		623FF7E726625734000A0829 /* Debug */ = {
			isa = XCBuildConfiguration;
			buildSettings = {
				ALWAYS_EMBED_SWIFT_STANDARD_LIBRARIES = YES;
				BUNDLE_LOADER = "$(TEST_HOST)";
				CODE_SIGN_STYLE = Automatic;
				DEVELOPMENT_TEAM = PQ2A8V8T56;
				INFOPLIST_FILE = QEX_Test_TaskTests/Info.plist;
				IPHONEOS_DEPLOYMENT_TARGET = 14.4;
				LD_RUNPATH_SEARCH_PATHS = (
					"$(inherited)",
					"@executable_path/Frameworks",
					"@loader_path/Frameworks",
				);
				PRODUCT_BUNDLE_IDENTIFIER = "com.grekov.QEX-Test-TaskTests";
				PRODUCT_NAME = "$(TARGET_NAME)";
				SWIFT_VERSION = 5.0;
				TARGETED_DEVICE_FAMILY = "1,2";
				TEST_HOST = "$(BUILT_PRODUCTS_DIR)/QEX_Test_Task.app/QEX_Test_Task";
			};
			name = Debug;
		};
		623FF7E826625734000A0829 /* Release */ = {
			isa = XCBuildConfiguration;
			buildSettings = {
				ALWAYS_EMBED_SWIFT_STANDARD_LIBRARIES = YES;
				BUNDLE_LOADER = "$(TEST_HOST)";
				CODE_SIGN_STYLE = Automatic;
				DEVELOPMENT_TEAM = PQ2A8V8T56;
				INFOPLIST_FILE = QEX_Test_TaskTests/Info.plist;
				IPHONEOS_DEPLOYMENT_TARGET = 14.4;
				LD_RUNPATH_SEARCH_PATHS = (
					"$(inherited)",
					"@executable_path/Frameworks",
					"@loader_path/Frameworks",
				);
				PRODUCT_BUNDLE_IDENTIFIER = "com.grekov.QEX-Test-TaskTests";
				PRODUCT_NAME = "$(TARGET_NAME)";
				SWIFT_VERSION = 5.0;
				TARGETED_DEVICE_FAMILY = "1,2";
				TEST_HOST = "$(BUILT_PRODUCTS_DIR)/QEX_Test_Task.app/QEX_Test_Task";
			};
			name = Release;
		};
		623FF7EA26625734000A0829 /* Debug */ = {
			isa = XCBuildConfiguration;
			buildSettings = {
				ALWAYS_EMBED_SWIFT_STANDARD_LIBRARIES = YES;
				CODE_SIGN_STYLE = Automatic;
				DEVELOPMENT_TEAM = PQ2A8V8T56;
				INFOPLIST_FILE = QEX_Test_TaskUITests/Info.plist;
				LD_RUNPATH_SEARCH_PATHS = (
					"$(inherited)",
					"@executable_path/Frameworks",
					"@loader_path/Frameworks",
				);
				PRODUCT_BUNDLE_IDENTIFIER = "com.grekov.QEX-Test-TaskUITests";
				PRODUCT_NAME = "$(TARGET_NAME)";
				SWIFT_VERSION = 5.0;
				TARGETED_DEVICE_FAMILY = "1,2";
				TEST_TARGET_NAME = QEX_Test_Task;
			};
			name = Debug;
		};
		623FF7EB26625734000A0829 /* Release */ = {
			isa = XCBuildConfiguration;
			buildSettings = {
				ALWAYS_EMBED_SWIFT_STANDARD_LIBRARIES = YES;
				CODE_SIGN_STYLE = Automatic;
				DEVELOPMENT_TEAM = PQ2A8V8T56;
				INFOPLIST_FILE = QEX_Test_TaskUITests/Info.plist;
				LD_RUNPATH_SEARCH_PATHS = (
					"$(inherited)",
					"@executable_path/Frameworks",
					"@loader_path/Frameworks",
				);
				PRODUCT_BUNDLE_IDENTIFIER = "com.grekov.QEX-Test-TaskUITests";
				PRODUCT_NAME = "$(TARGET_NAME)";
				SWIFT_VERSION = 5.0;
				TARGETED_DEVICE_FAMILY = "1,2";
				TEST_TARGET_NAME = QEX_Test_Task;
			};
			name = Release;
		};
/* End XCBuildConfiguration section */

/* Begin XCConfigurationList section */
		623FF7B426625733000A0829 /* Build configuration list for PBXProject "QEX_Test_Task" */ = {
			isa = XCConfigurationList;
			buildConfigurations = (
				623FF7E126625734000A0829 /* Debug */,
				623FF7E226625734000A0829 /* Release */,
			);
			defaultConfigurationIsVisible = 0;
			defaultConfigurationName = Release;
		};
		623FF7E326625734000A0829 /* Build configuration list for PBXNativeTarget "QEX_Test_Task" */ = {
			isa = XCConfigurationList;
			buildConfigurations = (
				623FF7E426625734000A0829 /* Debug */,
				623FF7E526625734000A0829 /* Release */,
			);
			defaultConfigurationIsVisible = 0;
			defaultConfigurationName = Release;
		};
		623FF7E626625734000A0829 /* Build configuration list for PBXNativeTarget "QEX_Test_TaskTests" */ = {
			isa = XCConfigurationList;
			buildConfigurations = (
				623FF7E726625734000A0829 /* Debug */,
				623FF7E826625734000A0829 /* Release */,
			);
			defaultConfigurationIsVisible = 0;
			defaultConfigurationName = Release;
		};
		623FF7E926625734000A0829 /* Build configuration list for PBXNativeTarget "QEX_Test_TaskUITests" */ = {
			isa = XCConfigurationList;
			buildConfigurations = (
				623FF7EA26625734000A0829 /* Debug */,
				623FF7EB26625734000A0829 /* Release */,
			);
			defaultConfigurationIsVisible = 0;
			defaultConfigurationName = Release;
		};
/* End XCConfigurationList section */
	};
	rootObject = 623FF7B126625733000A0829 /* Project object */;
}
